<?xml version="1.0" encoding="utf-8"?>
<Project ToolsVersion="4.0" xmlns="http://schemas.microsoft.com/developer/msbuild/2003">
  <ItemGroup>
    <Filter Include="Source Files">
      <UniqueIdentifier>{89e7fc63-ffbc-4cbd-9d2f-4e5ecc893eda}</UniqueIdentifier>
      <Extensions>cpp;c;cxx;rc;def;r;odl;idl;hpj;bat</Extensions>
    </Filter>
    <Filter Include="Header Files">
      <UniqueIdentifier>{820305d3-042a-4894-8e05-9184498528e4}</UniqueIdentifier>
      <Extensions>h;hpp;hxx;hm;inl</Extensions>
    </Filter>
    <Filter Include="Resource Files">
      <UniqueIdentifier>{3cdb6c98-a28b-48e4-94c1-65d925539515}</UniqueIdentifier>
      <Extensions>ico;cur;bmp;dlg;rc2;rct;bin;rgs;gif;jpg;jpeg;jpe</Extensions>
    </Filter>
  </ItemGroup>
  <ItemGroup>
    <ClCompile Include="src\Common.cpp">
      <Filter>Source Files</Filter>
    </ClCompile>
    <ClCompile Include="src\File.cpp">
      <Filter>Source Files</Filter>
    </ClCompile>
    <ClCompile Include="src\Mutex.cpp">
      <Filter>Source Files</Filter>
    </ClCompile>
    <ClCompile Include="src\Tracer.cpp">
      <Filter>Source Files</Filter>
    </ClCompile>
    <ClCompile Include="src\Window.cpp">
      <Filter>Source Files</Filter>
    </ClCompile>
  </ItemGroup>
  <ItemGroup>
    <ClInclude Include="if\Algorithm.h">
      <Filter>Header Files</Filter>
    </ClInclude>
    <ClInclude Include="if\Common.h">
      <Filter>Header Files</Filter>
    </ClInclude>
    <ClInclude Include="if\Defs.h">
      <Filter>Header Files</Filter>
    </ClInclude>
    <ClInclude Include="if\File.h">
      <Filter>Header Files</Filter>
    </ClInclude>
    <ClInclude Include="if\Mutex.h">
      <Filter>Header Files</Filter>
    </ClInclude>
    <ClInclude Include="if\TList.h">
      <Filter>Header Files</Filter>
    </ClInclude>
    <ClInclude Include="if\Tracer.h">
      <Filter>Header Files</Filter>
    </ClInclude>
    <ClInclude Include="if\Types.h">
      <Filter>Header Files</Filter>
    </ClInclude>
    <ClInclude Include="if\Window.h">
      <Filter>Header Files</Filter>
    </ClInclude>
  </ItemGroup>
  <ItemGroup>
    <None Include="ReadMe.txt" />
  </ItemGroup>
</Project>