<?xml version="1.0" encoding="utf-8"?>
<Project ToolsVersion="4.0" xmlns="http://schemas.microsoft.com/developer/msbuild/2003">
  <ItemGroup>
    <Filter Include="Source Files">
      <UniqueIdentifier>{db610d65-d3e3-4b77-97f6-bf97992a1fd7}</UniqueIdentifier>
      <Extensions>cpp;c;cxx;rc;def;r;odl;idl;hpj;bat</Extensions>
    </Filter>
    <Filter Include="Header Files">
      <UniqueIdentifier>{847171a4-f265-4af1-a90b-e6dfd656e1de}</UniqueIdentifier>
      <Extensions>h;hpp;hxx;hm;inl</Extensions>
    </Filter>
    <Filter Include="Resource Files">
      <UniqueIdentifier>{86c1292e-cb9f-498d-9ffc-c5ec7ad9fd8f}</UniqueIdentifier>
      <Extensions>ico;cur;bmp;dlg;rc2;rct;bin;rgs;gif;jpg;jpeg;jpe</Extensions>
    </Filter>
  </ItemGroup>
  <ItemGroup>
    <ClCompile Include="Src\Application.cpp">
      <Filter>Source Files</Filter>
    </ClCompile>
    <ClCompile Include="Src\Common.cpp">
      <Filter>Source Files</Filter>
    </ClCompile>
    <ClCompile Include="Src\D3DFont.cpp">
      <Filter>Source Files</Filter>
    </ClCompile>
    <ClCompile Include="Src\D3DSprite.cpp">
      <Filter>Source Files</Filter>
    </ClCompile>
    <ClCompile Include="Src\Game.cpp">
      <Filter>Source Files</Filter>
    </ClCompile>
    <ClCompile Include="Src\Input.cpp">
      <Filter>Source Files</Filter>
    </ClCompile>
    <ClCompile Include="Src\Light.cpp">
      <Filter>Source Files</Filter>
    </ClCompile>
    <ClCompile Include="Src\Line.cpp">
      <Filter>Source Files</Filter>
    </ClCompile>
    <ClCompile Include="Src\Mesh.cpp">
      <Filter>Source Files</Filter>
    </ClCompile>
    <ClCompile Include="Src\Particle.cpp">
      <Filter>Source Files</Filter>
    </ClCompile>
    <ClCompile Include="Src\Sound.cpp">
      <Filter>Source Files</Filter>
    </ClCompile>
    <ClCompile Include="Src\Timer.cpp">
      <Filter>Source Files</Filter>
    </ClCompile>
    <ClCompile Include="Src\Utilities.cpp">
      <Filter>Source Files</Filter>
    </ClCompile>
  </ItemGroup>
  <ItemGroup>
    <ClInclude Include="If\Application.h">
      <Filter>Header Files</Filter>
    </ClInclude>
    <ClInclude Include="If\Common.h">
      <Filter>Header Files</Filter>
    </ClInclude>
    <ClInclude Include="If\D3DFont.h">
      <Filter>Header Files</Filter>
    </ClInclude>
    <ClInclude Include="If\D3DSprite.h">
      <Filter>Header Files</Filter>
    </ClInclude>
    <ClInclude Include="If\Defs.h">
      <Filter>Header Files</Filter>
    </ClInclude>
    <ClInclude Include="If\Game.h">
      <Filter>Header Files</Filter>
    </ClInclude>
    <ClInclude Include="If\Input.h">
      <Filter>Header Files</Filter>
    </ClInclude>
    <ClInclude Include="If\Internal.h">
      <Filter>Header Files</Filter>
    </ClInclude>
    <ClInclude Include="If\Light.h">
      <Filter>Header Files</Filter>
    </ClInclude>
    <ClInclude Include="If\Line.h">
      <Filter>Header Files</Filter>
    </ClInclude>
    <ClInclude Include="If\Mesh.h">
      <Filter>Header Files</Filter>
    </ClInclude>
    <ClInclude Include="If\Particle.h">
      <Filter>Header Files</Filter>
    </ClInclude>
    <ClInclude Include="If\Sound.h">
      <Filter>Header Files</Filter>
    </ClInclude>
    <ClInclude Include="If\Timer.h">
      <Filter>Header Files</Filter>
    </ClInclude>
    <ClInclude Include="If\Utilities.h">
      <Filter>Header Files</Filter>
    </ClInclude>
  </ItemGroup>
  <ItemGroup>
    <None Include="ReadMe.txt" />
  </ItemGroup>
</Project>