<?xml version="1.0" encoding="utf-8"?>
<Project ToolsVersion="4.0" xmlns="http://schemas.microsoft.com/developer/msbuild/2003">
  <ItemGroup>
    <Filter Include="Source Files">
      <UniqueIdentifier>{92382296-99c5-4da4-8418-7541fc559728}</UniqueIdentifier>
      <Extensions>cpp;c;cxx;rc;def;r;odl;idl;hpj;bat</Extensions>
    </Filter>
    <Filter Include="Header Files">
      <UniqueIdentifier>{beefdb8c-5916-4231-b8de-0a381b5df88a}</UniqueIdentifier>
      <Extensions>h;hpp;hxx;hm;inl</Extensions>
    </Filter>
  </ItemGroup>
  <ItemGroup>
    <ClCompile Include="Src\Application.cpp">
      <Filter>Source Files</Filter>
    </ClCompile>
    <ClCompile Include="Src\Common.cpp">
      <Filter>Source Files</Filter>
    </ClCompile>
    <ClCompile Include="Src\D3DFont.cpp">
      <Filter>Source Files</Filter>
    </ClCompile>
    <ClCompile Include="Src\D3DSprite.cpp">
      <Filter>Source Files</Filter>
    </ClCompile>
    <ClCompile Include="Src\Game.cpp">
      <Filter>Source Files</Filter>
    </ClCompile>
    <ClCompile Include="Src\Input.cpp">
      <Filter>Source Files</Filter>
    </ClCompile>
    <ClCompile Include="Src\Light.cpp">
      <Filter>Source Files</Filter>
    </ClCompile>
    <ClCompile Include="Src\Line.cpp">
      <Filter>Source Files</Filter>
    </ClCompile>
    <ClCompile Include="Src\Mesh.cpp">
      <Filter>Source Files</Filter>
    </ClCompile>
    <ClCompile Include="Src\Music.cpp">
      <Filter>Source Files</Filter>
    </ClCompile>
    <ClCompile Include="Src\Network.cpp">
      <Filter>Source Files</Filter>
    </ClCompile>
    <ClCompile Include="Src\Particle.cpp">
      <Filter>Source Files</Filter>
    </ClCompile>
    <ClCompile Include="Src\Sound.cpp">
      <Filter>Source Files</Filter>
    </ClCompile>
    <ClCompile Include="Src\Timer.cpp">
      <Filter>Source Files</Filter>
    </ClCompile>
    <ClCompile Include="Src\Utilities.cpp">
      <Filter>Source Files</Filter>
    </ClCompile>
  </ItemGroup>
  <ItemGroup>
    <ClInclude Include="If\Application.h">
      <Filter>Header Files</Filter>
    </ClInclude>
    <ClInclude Include="If\Common.h">
      <Filter>Header Files</Filter>
    </ClInclude>
    <ClInclude Include="If\D3DFont.h">
      <Filter>Header Files</Filter>
    </ClInclude>
    <ClInclude Include="If\D3DSprite.h">
      <Filter>Header Files</Filter>
    </ClInclude>
    <ClInclude Include="If\Defs.h">
      <Filter>Header Files</Filter>
    </ClInclude>
    <ClInclude Include="If\Game.h">
      <Filter>Header Files</Filter>
    </ClInclude>
    <ClInclude Include="If\Input.h">
      <Filter>Header Files</Filter>
    </ClInclude>
    <ClInclude Include="If\Internal.h">
      <Filter>Header Files</Filter>
    </ClInclude>
    <ClInclude Include="If\Light.h">
      <Filter>Header Files</Filter>
    </ClInclude>
    <ClInclude Include="If\Line.h">
      <Filter>Header Files</Filter>
    </ClInclude>
    <ClInclude Include="If\Mesh.h">
      <Filter>Header Files</Filter>
    </ClInclude>
    <ClInclude Include="If\Music.h">
      <Filter>Header Files</Filter>
    </ClInclude>
    <ClInclude Include="If\Network.h">
      <Filter>Header Files</Filter>
    </ClInclude>
    <ClInclude Include="If\Particle.h">
      <Filter>Header Files</Filter>
    </ClInclude>
    <ClInclude Include="If\Sound.h">
      <Filter>Header Files</Filter>
    </ClInclude>
    <ClInclude Include="If\Timer.h">
      <Filter>Header Files</Filter>
    </ClInclude>
    <ClInclude Include="If\Utilities.h">
      <Filter>Header Files</Filter>
    </ClInclude>
  </ItemGroup>
</Project>